// !$*UTF8*$!
{
	archiveVersion = 1;
	classes = {
	};
	objectVersion = 50;
	objects = {

/* Begin PBXBuildFile section */
		A34C302523593D1400609233 /* AppDelegate.swift in Sources */ = {isa = PBXBuildFile; fileRef = A34C302423593D1400609233 /* AppDelegate.swift */; };
		A34C302723593D1400609233 /* ViewController.swift in Sources */ = {isa = PBXBuildFile; fileRef = A34C302623593D1400609233 /* ViewController.swift */; };
		A34C302A23593D1400609233 /* Main.storyboard in Resources */ = {isa = PBXBuildFile; fileRef = A34C302823593D1400609233 /* Main.storyboard */; };
		A34C302C23593D1600609233 /* Assets.xcassets in Resources */ = {isa = PBXBuildFile; fileRef = A34C302B23593D1600609233 /* Assets.xcassets */; };
		A34C302F23593D1600609233 /* LaunchScreen.storyboard in Resources */ = {isa = PBXBuildFile; fileRef = A34C302D23593D1600609233 /* LaunchScreen.storyboard */; };
		A34C303A23593D1600609233 /* szTests.swift in Sources */ = {isa = PBXBuildFile; fileRef = A34C303923593D1600609233 /* szTests.swift */; };
		A34C304523593D1600609233 /* szUITests.swift in Sources */ = {isa = PBXBuildFile; fileRef = A34C304423593D1600609233 /* szUITests.swift */; };
/* End PBXBuildFile section */

/* Begin PBXContainerItemProxy section */
		A34C303623593D1600609233 /* PBXContainerItemProxy */ = {
			isa = PBXContainerItemProxy;
			containerPortal = A34C301923593D1400609233 /* Project object */;
			proxyType = 1;
			remoteGlobalIDString = A34C302023593D1400609233;
			remoteInfo = sz;
		};
		A34C304123593D1600609233 /* PBXContainerItemProxy */ = {
			isa = PBXContainerItemProxy;
			containerPortal = A34C301923593D1400609233 /* Project object */;
			proxyType = 1;
			remoteGlobalIDString = A34C302023593D1400609233;
			remoteInfo = sz;
		};
/* End PBXContainerItemProxy section */

/* Begin PBXFileReference section */
		A34C302123593D1400609233 /* sz.app */ = {isa = PBXFileReference; explicitFileType = wrapper.application; includeInIndex = 0; path = sz.app; sourceTree = BUILT_PRODUCTS_DIR; };
		A34C302423593D1400609233 /* AppDelegate.swift */ = {isa = PBXFileReference; lastKnownFileType = sourcecode.swift; path = AppDelegate.swift; sourceTree = "<group>"; };
		A34C302623593D1400609233 /* ViewController.swift */ = {isa = PBXFileReference; lastKnownFileType = sourcecode.swift; path = ViewController.swift; sourceTree = "<group>"; };
		A34C302923593D1400609233 /* Base */ = {isa = PBXFileReference; lastKnownFileType = file.storyboard; name = Base; path = Base.lproj/Main.storyboard; sourceTree = "<group>"; };
		A34C302B23593D1600609233 /* Assets.xcassets */ = {isa = PBXFileReference; lastKnownFileType = folder.assetcatalog; path = Assets.xcassets; sourceTree = "<group>"; };
		A34C302E23593D1600609233 /* Base */ = {isa = PBXFileReference; lastKnownFileType = file.storyboard; name = Base; path = Base.lproj/LaunchScreen.storyboard; sourceTree = "<group>"; };
		A34C303023593D1600609233 /* Info.plist */ = {isa = PBXFileReference; lastKnownFileType = text.plist.xml; path = Info.plist; sourceTree = "<group>"; };
		A34C303523593D1600609233 /* szTests.xctest */ = {isa = PBXFileReference; explicitFileType = wrapper.cfbundle; includeInIndex = 0; path = szTests.xctest; sourceTree = BUILT_PRODUCTS_DIR; };
		A34C303923593D1600609233 /* szTests.swift */ = {isa = PBXFileReference; lastKnownFileType = sourcecode.swift; path = szTests.swift; sourceTree = "<group>"; };
		A34C303B23593D1600609233 /* Info.plist */ = {isa = PBXFileReference; lastKnownFileType = text.plist.xml; path = Info.plist; sourceTree = "<group>"; };
		A34C304023593D1600609233 /* szUITests.xctest */ = {isa = PBXFileReference; explicitFileType = wrapper.cfbundle; includeInIndex = 0; path = szUITests.xctest; sourceTree = BUILT_PRODUCTS_DIR; };
		A34C304423593D1600609233 /* szUITests.swift */ = {isa = PBXFileReference; lastKnownFileType = sourcecode.swift; path = szUITests.swift; sourceTree = "<group>"; };
		A34C304623593D1600609233 /* Info.plist */ = {isa = PBXFileReference; lastKnownFileType = text.plist.xml; path = Info.plist; sourceTree = "<group>"; };
/* End PBXFileReference section */

/* Begin PBXFrameworksBuildPhase section */
		A34C301E23593D1400609233 /* Frameworks */ = {
			isa = PBXFrameworksBuildPhase;
			buildActionMask = 2147483647;
			files = (
			);
			runOnlyForDeploymentPostprocessing = 0;
		};
		A34C303223593D1600609233 /* Frameworks */ = {
			isa = PBXFrameworksBuildPhase;
			buildActionMask = 2147483647;
			files = (
			);
			runOnlyForDeploymentPostprocessing = 0;
		};
		A34C303D23593D1600609233 /* Frameworks */ = {
			isa = PBXFrameworksBuildPhase;
			buildActionMask = 2147483647;
			files = (
			);
			runOnlyForDeploymentPostprocessing = 0;
		};
/* End PBXFrameworksBuildPhase section */

/* Begin PBXGroup section */
		A34C301823593D1400609233 = {
			isa = PBXGroup;
			children = (
				A34C302323593D1400609233 /* sz */,
				A34C303823593D1600609233 /* szTests */,
				A34C304323593D1600609233 /* szUITests */,
				A34C302223593D1400609233 /* Products */,
			);
			sourceTree = "<group>";
		};
		A34C302223593D1400609233 /* Products */ = {
			isa = PBXGroup;
			children = (
				A34C302123593D1400609233 /* sz.app */,
				A34C303523593D1600609233 /* szTests.xctest */,
				A34C304023593D1600609233 /* szUITests.xctest */,
			);
			name = Products;
			sourceTree = "<group>";
		};
		A34C302323593D1400609233 /* sz */ = {
			isa = PBXGroup;
			children = (
				A34C302423593D1400609233 /* AppDelegate.swift */,
				A34C302623593D1400609233 /* ViewController.swift */,
				A34C302823593D1400609233 /* Main.storyboard */,
				A34C302B23593D1600609233 /* Assets.xcassets */,
				A34C302D23593D1600609233 /* LaunchScreen.storyboard */,
				A34C303023593D1600609233 /* Info.plist */,
			);
			path = sz;
			sourceTree = "<group>";
		};
		A34C303823593D1600609233 /* szTests */ = {
			isa = PBXGroup;
			children = (
				A34C303923593D1600609233 /* szTests.swift */,
				A34C303B23593D1600609233 /* Info.plist */,
			);
			path = szTests;
			sourceTree = "<group>";
		};
		A34C304323593D1600609233 /* szUITests */ = {
			isa = PBXGroup;
			children = (
				A34C304423593D1600609233 /* szUITests.swift */,
				A34C304623593D1600609233 /* Info.plist */,
			);
			path = szUITests;
			sourceTree = "<group>";
		};
/* End PBXGroup section */

/* Begin PBXNativeTarget section */
		A34C302023593D1400609233 /* sz */ = {
			isa = PBXNativeTarget;
			buildConfigurationList = A34C304923593D1600609233 /* Build configuration list for PBXNativeTarget "sz" */;
			buildPhases = (
				A34C301D23593D1400609233 /* Sources */,
				A34C301E23593D1400609233 /* Frameworks */,
				A34C301F23593D1400609233 /* Resources */,
			);
			buildRules = (
			);
			dependencies = (
			);
			name = sz;
			productName = sz;
			productReference = A34C302123593D1400609233 /* sz.app */;
			productType = "com.apple.product-type.application";
		};
		A34C303423593D1600609233 /* szTests */ = {
			isa = PBXNativeTarget;
			buildConfigurationList = A34C304C23593D1600609233 /* Build configuration list for PBXNativeTarget "szTests" */;
			buildPhases = (
				A34C303123593D1600609233 /* Sources */,
				A34C303223593D1600609233 /* Frameworks */,
				A34C303323593D1600609233 /* Resources */,
			);
			buildRules = (
			);
			dependencies = (
				A34C303723593D1600609233 /* PBXTargetDependency */,
			);
			name = szTests;
			productName = szTests;
			productReference = A34C303523593D1600609233 /* szTests.xctest */;
			productType = "com.apple.product-type.bundle.unit-test";
		};
		A34C303F23593D1600609233 /* szUITests */ = {
			isa = PBXNativeTarget;
			buildConfigurationList = A34C304F23593D1600609233 /* Build configuration list for PBXNativeTarget "szUITests" */;
			buildPhases = (
				A34C303C23593D1600609233 /* Sources */,
				A34C303D23593D1600609233 /* Frameworks */,
				A34C303E23593D1600609233 /* Resources */,
			);
			buildRules = (
			);
			dependencies = (
				A34C304223593D1600609233 /* PBXTargetDependency */,
			);
			name = szUITests;
			productName = szUITests;
			productReference = A34C304023593D1600609233 /* szUITests.xctest */;
			productType = "com.apple.product-type.bundle.ui-testing";
		};
/* End PBXNativeTarget section */

/* Begin PBXProject section */
		A34C301923593D1400609233 /* Project object */ = {
			isa = PBXProject;
			attributes = {
				LastSwiftUpdateCheck = 1010;
				LastUpgradeCheck = 1010;
				ORGANIZATIONNAME = s20181102936;
				TargetAttributes = {
					A34C302023593D1400609233 = {
						CreatedOnToolsVersion = 10.1;
					};
					A34C303423593D1600609233 = {
						CreatedOnToolsVersion = 10.1;
						TestTargetID = A34C302023593D1400609233;
					};
					A34C303F23593D1600609233 = {
						CreatedOnToolsVersion = 10.1;
						TestTargetID = A34C302023593D1400609233;
					};
				};
			};
			buildConfigurationList = A34C301C23593D1400609233 /* Build configuration list for PBXProject "sz" */;
			compatibilityVersion = "Xcode 9.3";
			developmentRegion = en;
			hasScannedForEncodings = 0;
			knownRegions = (
				en,
				Base,
			);
			mainGroup = A34C301823593D1400609233;
			productRefGroup = A34C302223593D1400609233 /* Products */;
			projectDirPath = "";
			projectRoot = "";
			targets = (
				A34C302023593D1400609233 /* sz */,
				A34C303423593D1600609233 /* szTests */,
				A34C303F23593D1600609233 /* szUITests */,
			);
		};
/* End PBXProject section */

/* Begin PBXResourcesBuildPhase section */
		A34C301F23593D1400609233 /* Resources */ = {
			isa = PBXResourcesBuildPhase;
			buildActionMask = 2147483647;
			files = (
				A34C302F23593D1600609233 /* LaunchScreen.storyboard in Resources */,
				A34C302C23593D1600609233 /* Assets.xcassets in Resources */,
				A34C302A23593D1400609233 /* Main.storyboard in Resources */,
			);
			runOnlyForDeploymentPostprocessing = 0;
		};
		A34C303323593D1600609233 /* Resources */ = {
			isa = PBXResourcesBuildPhase;
			buildActionMask = 2147483647;
			files = (
			);
			runOnlyForDeploymentPostprocessing = 0;
		};
		A34C303E23593D1600609233 /* Resources */ = {
			isa = PBXResourcesBuildPhase;
			buildActionMask = 2147483647;
			files = (
			);
			runOnlyForDeploymentPostprocessing = 0;
		};
/* End PBXResourcesBuildPhase section */

/* Begin PBXSourcesBuildPhase section */
		A34C301D23593D1400609233 /* Sources */ = {
			isa = PBXSourcesBuildPhase;
			buildActionMask = 2147483647;
			files = (
				A34C302723593D1400609233 /* ViewController.swift in Sources */,
				A34C302523593D1400609233 /* AppDelegate.swift in Sources */,
			);
			runOnlyForDeploymentPostprocessing = 0;
		};
		A34C303123593D1600609233 /* Sources */ = {
			isa = PBXSourcesBuildPhase;
			buildActionMask = 2147483647;
			files = (
				A34C303A23593D1600609233 /* szTests.swift in Sources */,
			);
			runOnlyForDeploymentPostprocessing = 0;
		};
		A34C303C23593D1600609233 /* Sources */ = {
			isa = PBXSourcesBuildPhase;
			buildActionMask = 2147483647;
			files = (
				A34C304523593D1600609233 /* szUITests.swift in Sources */,
			);
			runOnlyForDeploymentPostprocessing = 0;
		};
/* End PBXSourcesBuildPhase section */

/* Begin PBXTargetDependency section */
		A34C303723593D1600609233 /* PBXTargetDependency */ = {
			isa = PBXTargetDependency;
			target = A34C302023593D1400609233 /* sz */;
			targetProxy = A34C303623593D1600609233 /* PBXContainerItemProxy */;
		};
		A34C304223593D1600609233 /* PBXTargetDependency */ = {
			isa = PBXTargetDependency;
			target = A34C302023593D1400609233 /* sz */;
			targetProxy = A34C304123593D1600609233 /* PBXContainerItemProxy */;
		};
/* End PBXTargetDependency section */

/* Begin PBXVariantGroup section */
		A34C302823593D1400609233 /* Main.storyboard */ = {
			isa = PBXVariantGroup;
			children = (
				A34C302923593D1400609233 /* Base */,
			);
			name = Main.storyboard;
			sourceTree = "<group>";
		};
		A34C302D23593D1600609233 /* LaunchScreen.storyboard */ = {
			isa = PBXVariantGroup;
			children = (
				A34C302E23593D1600609233 /* Base */,
			);
			name = LaunchScreen.storyboard;
			sourceTree = "<group>";
		};
/* End PBXVariantGroup section */

/* Begin XCBuildConfiguration section */
		A34C304723593D1600609233 /* Debug */ = {
			isa = XCBuildConfiguration;
			buildSettings = {
				ALWAYS_SEARCH_USER_PATHS = NO;
				CLANG_ANALYZER_NONNULL = YES;
				CLANG_ANALYZER_NUMBER_OBJECT_CONVERSION = YES_AGGRESSIVE;
				CLANG_CXX_LANGUAGE_STANDARD = "gnu++14";
				CLANG_CXX_LIBRARY = "libc++";
				CLANG_ENABLE_MODULES = YES;
				CLANG_ENABLE_OBJC_ARC = YES;
				CLANG_ENABLE_OBJC_WEAK = YES;
				CLANG_WARN_BLOCK_CAPTURE_AUTORELEASING = YES;
				CLANG_WARN_BOOL_CONVERSION = YES;
				CLANG_WARN_COMMA = YES;
				CLANG_WARN_CONSTANT_CONVERSION = YES;
				CLANG_WARN_DEPRECATED_OBJC_IMPLEMENTATIONS = YES;
				CLANG_WARN_DIRECT_OBJC_ISA_USAGE = YES_ERROR;
				CLANG_WARN_DOCUMENTATION_COMMENTS = YES;
				CLANG_WARN_EMPTY_BODY = YES;
				CLANG_WARN_ENUM_CONVERSION = YES;
				CLANG_WARN_INFINITE_RECURSION = YES;
				CLANG_WARN_INT_CONVERSION = YES;
				CLANG_WARN_NON_LITERAL_NULL_CONVERSION = YES;
				CLANG_WARN_OBJC_IMPLICIT_RETAIN_SELF = YES;
				CLANG_WARN_OBJC_LITERAL_CONVERSION = YES;
				CLANG_WARN_OBJC_ROOT_CLASS = YES_ERROR;
				CLANG_WARN_RANGE_LOOP_ANALYSIS = YES;
				CLANG_WARN_STRICT_PROTOTYPES = YES;
				CLANG_WARN_SUSPICIOUS_MOVE = YES;
				CLANG_WARN_UNGUARDED_AVAILABILITY = YES_AGGRESSIVE;
				CLANG_WARN_UNREACHABLE_CODE = YES;
				CLANG_WARN__DUPLICATE_METHOD_MATCH = YES;
				CODE_SIGN_IDENTITY = "iPhone Developer";
				COPY_PHASE_STRIP = NO;
				DEBUG_INFORMATION_FORMAT = dwarf;
				ENABLE_STRICT_OBJC_MSGSEND = YES;
				ENABLE_TESTABILITY = YES;
				GCC_C_LANGUAGE_STANDARD = gnu11;
				GCC_DYNAMIC_NO_PIC = NO;
				GCC_NO_COMMON_BLOCKS = YES;
				GCC_OPTIMIZATION_LEVEL = 0;
				GCC_PREPROCESSOR_DEFINITIONS = (
					"DEBUG=1",
					"$(inherited)",
				);
				GCC_WARN_64_TO_32_BIT_CONVERSION = YES;
				GCC_WARN_ABOUT_RETURN_TYPE = YES_ERROR;
				GCC_WARN_UNDECLARED_SELECTOR = YES;
				GCC_WARN_UNINITIALIZED_AUTOS = YES_AGGRESSIVE;
				GCC_WARN_UNUSED_FUNCTION = YES;
				GCC_WARN_UNUSED_VARIABLE = YES;
				IPHONEOS_DEPLOYMENT_TARGET = 12.1;
				MTL_ENABLE_DEBUG_INFO = INCLUDE_SOURCE;
				MTL_FAST_MATH = YES;
				ONLY_ACTIVE_ARCH = YES;
				SDKROOT = iphoneos;
				SWIFT_ACTIVE_COMPILATION_CONDITIONS = DEBUG;
				SWIFT_OPTIMIZATION_LEVEL = "-Onone";
			};
			name = Debug;
		};
		A34C304823593D1600609233 /* Release */ = {
			isa = XCBuildConfiguration;
			buildSettings = {
				ALWAYS_SEARCH_USER_PATHS = NO;
				CLANG_ANALYZER_NONNULL = YES;
				CLANG_ANALYZER_NUMBER_OBJECT_CONVERSION = YES_AGGRESSIVE;
				CLANG_CXX_LANGUAGE_STANDARD = "gnu++14";
				CLANG_CXX_LIBRARY = "libc++";
				CLANG_ENABLE_MODULES = YES;
				CLANG_ENABLE_OBJC_ARC = YES;
				CLANG_ENABLE_OBJC_WEAK = YES;
				CLANG_WARN_BLOCK_CAPTURE_AUTORELEASING = YES;
				CLANG_WARN_BOOL_CONVERSION = YES;
				CLANG_WARN_COMMA = YES;
				CLANG_WARN_CONSTANT_CONVERSION = YES;
				CLANG_WARN_DEPRECATED_OBJC_IMPLEMENTATIONS = YES;
				CLANG_WARN_DIRECT_OBJC_ISA_USAGE = YES_ERROR;
				CLANG_WARN_DOCUMENTATION_COMMENTS = YES;
				CLANG_WARN_EMPTY_BODY = YES;
				CLANG_WARN_ENUM_CONVERSION = YES;
				CLANG_WARN_INFINITE_RECURSION = YES;
				CLANG_WARN_INT_CONVERSION = YES;
				CLANG_WARN_NON_LITERAL_NULL_CONVERSION = YES;
				CLANG_WARN_OBJC_IMPLICIT_RETAIN_SELF = YES;
				CLANG_WARN_OBJC_LITERAL_CONVERSION = YES;
				CLANG_WARN_OBJC_ROOT_CLASS = YES_ERROR;
				CLANG_WARN_RANGE_LOOP_ANALYSIS = YES;
				CLANG_WARN_STRICT_PROTOTYPES = YES;
				CLANG_WARN_SUSPICIOUS_MOVE = YES;
				CLANG_WARN_UNGUARDED_AVAILABILITY = YES_AGGRESSIVE;
				CLANG_WARN_UNREACHABLE_CODE = YES;
				CLANG_WARN__DUPLICATE_METHOD_MATCH = YES;
				CODE_SIGN_IDENTITY = "iPhone Developer";
				COPY_PHASE_STRIP = NO;
				DEBUG_INFORMATION_FORMAT = "dwarf-with-dsym";
				ENABLE_NS_ASSERTIONS = NO;
				ENABLE_STRICT_OBJC_MSGSEND = YES;
				GCC_C_LANGUAGE_STANDARD = gnu11;
				GCC_NO_COMMON_BLOCKS = YES;
				GCC_WARN_64_TO_32_BIT_CONVERSION = YES;
				GCC_WARN_ABOUT_RETURN_TYPE = YES_ERROR;
				GCC_WARN_UNDECLARED_SELECTOR = YES;
				GCC_WARN_UNINITIALIZED_AUTOS = YES_AGGRESSIVE;
				GCC_WARN_UNUSED_FUNCTION = YES;
				GCC_WARN_UNUSED_VARIABLE = YES;
				IPHONEOS_DEPLOYMENT_TARGET = 12.1;
				MTL_ENABLE_DEBUG_INFO = NO;
				MTL_FAST_MATH = YES;
				SDKROOT = iphoneos;
				SWIFT_COMPILATION_MODE = wholemodule;
				SWIFT_OPTIMIZATION_LEVEL = "-O";
				VALIDATE_PRODUCT = YES;
			};
			name = Release;
		};
		A34C304A23593D1600609233 /* Debug */ = {
			isa = XCBuildConfiguration;
			buildSettings = {
				ASSETCATALOG_COMPILER_APPICON_NAME = AppIcon;
				CODE_SIGN_STYLE = Automatic;
				INFOPLIST_FILE = sz/Info.plist;
				LD_RUNPATH_SEARCH_PATHS = (
					"$(inherited)",
					"@executable_path/Frameworks",
				);
				PRODUCT_BUNDLE_IDENTIFIER = bowen163.sz;
				PRODUCT_NAME = "$(TARGET_NAME)";
				SWIFT_VERSION = 4.2;
				TARGETED_DEVICE_FAMILY = "1,2";
			};
			name = Debug;
		};
		A34C304B23593D1600609233 /* Release */ = {
			isa = XCBuildConfiguration;
			buildSettings = {
				ASSETCATALOG_COMPILER_APPICON_NAME = AppIcon;
				CODE_SIGN_STYLE = Automatic;
				INFOPLIST_FILE = sz/Info.plist;
				LD_RUNPATH_SEARCH_PATHS = (
					"$(inherited)",
					"@executable_path/Frameworks",
				);
				PRODUCT_BUNDLE_IDENTIFIER = bowen163.sz;
				PRODUCT_NAME = "$(TARGET_NAME)";
				SWIFT_VERSION = 4.2;
				TARGETED_DEVICE_FAMILY = "1,2";
			};
			name = Release;
		};
		A34C304D23593D1600609233 /* Debug */ = {
			isa = XCBuildConfiguration;
			buildSettings = {
				ALWAYS_EMBED_SWIFT_STANDARD_LIBRARIES = YES;
				BUNDLE_LOADER = "$(TEST_HOST)";
				CODE_SIGN_STYLE = Automatic;
				INFOPLIST_FILE = szTests/Info.plist;
				LD_RUNPATH_SEARCH_PATHS = (
					"$(inherited)",
					"@executable_path/Frameworks",
					"@loader_path/Frameworks",
				);
				PRODUCT_BUNDLE_IDENTIFIER = bowen163.szTests;
				PRODUCT_NAME = "$(TARGET_NAME)";
				SWIFT_VERSION = 4.2;
				TARGETED_DEVICE_FAMILY = "1,2";
				TEST_HOST = "$(BUILT_PRODUCTS_DIR)/sz.app/sz";
			};
			name = Debug;
		};
		A34C304E23593D1600609233 /* Release */ = {
			isa = XCBuildConfiguration;
			buildSettings = {
				ALWAYS_EMBED_SWIFT_STANDARD_LIBRARIES = YES;
				BUNDLE_LOADER = "$(TEST_HOST)";
				CODE_SIGN_STYLE = Automatic;
				INFOPLIST_FILE = szTests/Info.plist;
				LD_RUNPATH_SEARCH_PATHS = (
					"$(inherited)",
					"@executable_path/Frameworks",
					"@loader_path/Frameworks",
				);
				PRODUCT_BUNDLE_IDENTIFIER = bowen163.szTests;
				PRODUCT_NAME = "$(TARGET_NAME)";
				SWIFT_VERSION = 4.2;
				TARGETED_DEVICE_FAMILY = "1,2";
				TEST_HOST = "$(BUILT_PRODUCTS_DIR)/sz.app/sz";
			};
			name = Release;
		};
		A34C305023593D1600609233 /* Debug */ = {
			isa = XCBuildConfiguration;
			buildSettings = {
				ALWAYS_EMBED_SWIFT_STANDARD_LIBRARIES = YES;
				CODE_SIGN_STYLE = Automatic;
				INFOPLIST_FILE = szUITests/Info.plist;
				LD_RUNPATH_SEARCH_PATHS = (
					"$(inherited)",
					"@executable_path/Frameworks",
					"@loader_path/Frameworks",
				);
				PRODUCT_BUNDLE_IDENTIFIER = bowen163.szUITests;
				PRODUCT_NAME = "$(TARGET_NAME)";
				SWIFT_VERSION = 4.2;
				TARGETED_DEVICE_FAMILY = "1,2";
				TEST_TARGET_NAME = sz;
			};
			name = Debug;
		};
		A34C305123593D1600609233 /* Release */ = {
			isa = XCBuildConfiguration;
			buildSettings = {
				ALWAYS_EMBED_SWIFT_STANDARD_LIBRARIES = YES;
				CODE_SIGN_STYLE = Automatic;
				INFOPLIST_FILE = szUITests/Info.plist;
				LD_RUNPATH_SEARCH_PATHS = (
					"$(inherited)",
					"@executable_path/Frameworks",
					"@loader_path/Frameworks",
				);
				PRODUCT_BUNDLE_IDENTIFIER = bowen163.szUITests;
				PRODUCT_NAME = "$(TARGET_NAME)";
				SWIFT_VERSION = 4.2;
				TARGETED_DEVICE_FAMILY = "1,2";
				TEST_TARGET_NAME = sz;
			};
			name = Release;
		};
/* End XCBuildConfiguration section */

/* Begin XCConfigurationList section */
		A34C301C23593D1400609233 /* Build configuration list for PBXProject "sz" */ = {
			isa = XCConfigurationList;
			buildConfigurations = (
				A34C304723593D1600609233 /* Debug */,
				A34C304823593D1600609233 /* Release */,
			);
			defaultConfigurationIsVisible = 0;
			defaultConfigurationName = Release;
		};
		A34C304923593D1600609233 /* Build configuration list for PBXNativeTarget "sz" */ = {
			isa = XCConfigurationList;
			buildConfigurations = (
				A34C304A23593D1600609233 /* Debug */,
				A34C304B23593D1600609233 /* Release */,
			);
			defaultConfigurationIsVisible = 0;
			defaultConfigurationName = Release;
		};
		A34C304C23593D1600609233 /* Build configuration list for PBXNativeTarget "szTests" */ = {
			isa = XCConfigurationList;
			buildConfigurations = (
				A34C304D23593D1600609233 /* Debug */,
				A34C304E23593D1600609233 /* Release */,
			);
			defaultConfigurationIsVisible = 0;
			defaultConfigurationName = Release;
		};
		A34C304F23593D1600609233 /* Build configuration list for PBXNativeTarget "szUITests" */ = {
			isa = XCConfigurationList;
			buildConfigurations = (
				A34C305023593D1600609233 /* Debug */,
				A34C305123593D1600609233 /* Release */,
			);
			defaultConfigurationIsVisible = 0;
			defaultConfigurationName = Release;
		};
/* End XCConfigurationList section */
	};
	rootObject = A34C301923593D1400609233 /* Project object */;
}
